
Microsoft Visual Studio Solution File, Format Version 12.00
# Visual Studio 15
VisualStudioVersion = 15.0.27703.2035
MinimumVisualStudioVersion = 10.0.40219.1
Project("{FAE04EC0-301F-11D3-BF4B-00C04F79EFBC}") = "AdoNetFormApp", "AdoNetFormApp\AdoNetFormApp.csproj", "{7A5301B7-7339-4637-A5F7-34D03E04F63B}"
EndProject
Global
	GlobalSection(SolutionConfigurationPlatforms) = preSolution
		Debug|Any CPU = Debug|Any CPU
		Release|Any CPU = Release|Any CPU
	EndGlobalSection
	GlobalSection(ProjectConfigurationPlatforms) = postSolution
		{7A5301B7-7339-4637-A5F7-34D03E04F63B}.Debug|Any CPU.ActiveCfg = Debug|Any CPU
		{7A5301B7-7339-4637-A5F7-34D03E04F63B}.Debug|Any CPU.Build.0 = Debug|Any CPU
		{7A5301B7-7339-4637-A5F7-34D03E04F63B}.Release|Any CPU.ActiveCfg = Release|Any CPU
		{7A5301B7-7339-4637-A5F7-34D03E04F63B}.Release|Any CPU.Build.0 = Release|Any CPU
	EndGlobalSection
	GlobalSection(SolutionProperties) = preSolution
		HideSolutionNode = FALSE
	EndGlobalSection
	GlobalSection(ExtensibilityGlobals) = postSolution
		SolutionGuid = {B5AE2827-52DC-4A3F-B484-EBA39728D356}
	EndGlobalSection
EndGlobal
